# Generated for CPython 3.14 on Linux from requirement.txt.
# Regenerate and validate this file whenever a direct dependency changes.
aio-pika==10.0.1
aiohappyeyeballs==2.7.1
aiohttp==3.14.3
aiormq==7.0.0
aiosignal==1.4.0
annotated-doc==0.0.5
annotated-types==0.8.0
anyio==4.14.2
asyncpg==0.31.0
attrs==26.1.0
audioop-lts==0.2.2
beautifulsoup4==4.15.0
click==8.4.2
discord.py==2.7.1
fastapi==0.141.1
frozenlist==1.8.0
h11==0.16.0
httptools==0.8.0
idna==3.19
multidict==6.7.1
pamqp==4.0.1
propcache==0.5.2
pydantic==2.13.4
pydantic-core==2.46.4
python-dotenv==1.2.3
PyYAML==6.0.3
soupsieve==2.9.2
starlette==1.6.0
typing_extensions==4.16.0
typing-inspection==0.4.4
uvicorn==0.52.4
uvloop==0.22.1
watchfiles==1.2.0
websockets==17.0.1
yarl==1.24.5
